
Microsoft Visual Studio Solution File, Format Version 12.00
# Visual Studio Version 17
VisualStudioVersion = 17.11.35219.272
MinimumVisualStudioVersion = 10.0.40219.1
Project("{FAE04EC0-301F-11D3-BF4B-00C04F79EFBC}") = "WebMagazine.Api", "WebMagazine.Api\WebMagazine.Api.csproj", "{9B32E322-E2CA-4A3F-BB8E-258F902C8C40}"
EndProject
Global
	GlobalSection(SolutionConfigurationPlatforms) = preSolution
		Debug|Any CPU = Debug|Any CPU
		Release|Any CPU = Release|Any CPU
	EndGlobalSection
	GlobalSection(ProjectConfigurationPlatforms) = postSolution
		{9B32E322-E2CA-4A3F-BB8E-258F902C8C40}.Debug|Any CPU.ActiveCfg = Debug|Any CPU
		{9B32E322-E2CA-4A3F-BB8E-258F902C8C40}.Debug|Any CPU.Build.0 = Debug|Any CPU
		{9B32E322-E2CA-4A3F-BB8E-258F902C8C40}.Release|Any CPU.ActiveCfg = Release|Any CPU
		{9B32E322-E2CA-4A3F-BB8E-258F902C8C40}.Release|Any CPU.Build.0 = Release|Any CPU
	EndGlobalSection
	GlobalSection(SolutionProperties) = preSolution
		HideSolutionNode = FALSE
	EndGlobalSection
	GlobalSection(ExtensibilityGlobals) = postSolution
		SolutionGuid = {978C1686-8F58-471D-B780-1AE1DB64C00A}
	EndGlobalSection
EndGlobal
